
Microsoft Visual Studio Solution File, Format Version 12.00
# Visual Studio 14
VisualStudioVersion = 14.0.24720.0
MinimumVisualStudioVersion = 10.0.40219.1
Project("{FAE04EC0-301F-11D3-BF4B-00C04F79EFBC}") = "GmailTracker", "GmailTracker\GmailTracker.csproj", "{864FC2D5-6AF4-421F-BDAB-1A7BF3D50653}"
EndProject
Project("{FAE04EC0-301F-11D3-BF4B-00C04F79EFBC}") = "Gmail-Integration", "Gmail-Integration\Gmail-Integration.csproj", "{0BB06D05-A5ED-4F76-AE7C-F36BE6FA4D95}"
EndProject
Project("{2150E333-8FDC-42A3-9474-1A3956D46DE8}") = "Solution Items", "Solution Items", "{F3C5C094-F7E9-4222-A1B4-92952837F6BE}"
	ProjectSection(SolutionItems) = preProject
		Readme.md = Readme.md
	EndProjectSection
EndProject
Global
	GlobalSection(SolutionConfigurationPlatforms) = preSolution
		Debug|Any CPU = Debug|Any CPU
		Release|Any CPU = Release|Any CPU
	EndGlobalSection
	GlobalSection(ProjectConfigurationPlatforms) = postSolution
		{864FC2D5-6AF4-421F-BDAB-1A7BF3D50653}.Debug|Any CPU.ActiveCfg = Debug|Any CPU
		{864FC2D5-6AF4-421F-BDAB-1A7BF3D50653}.Debug|Any CPU.Build.0 = Debug|Any CPU
		{864FC2D5-6AF4-421F-BDAB-1A7BF3D50653}.Release|Any CPU.ActiveCfg = Release|Any CPU
		{864FC2D5-6AF4-421F-BDAB-1A7BF3D50653}.Release|Any CPU.Build.0 = Release|Any CPU
		{0BB06D05-A5ED-4F76-AE7C-F36BE6FA4D95}.Debug|Any CPU.ActiveCfg = Debug|Any CPU
		{0BB06D05-A5ED-4F76-AE7C-F36BE6FA4D95}.Debug|Any CPU.Build.0 = Debug|Any CPU
		{0BB06D05-A5ED-4F76-AE7C-F36BE6FA4D95}.Release|Any CPU.ActiveCfg = Release|Any CPU
		{0BB06D05-A5ED-4F76-AE7C-F36BE6FA4D95}.Release|Any CPU.Build.0 = Release|Any CPU
	EndGlobalSection
	GlobalSection(SolutionProperties) = preSolution
		HideSolutionNode = FALSE
	EndGlobalSection
EndGlobal
